// !$*UTF8*$!
{
	archiveVersion = 1;
	classes = {
	};
	objectVersion = 48;
	objects = {

/* Begin PBXBuildFile section */
		0A0BBF0620397D6100486915 /* MainVCfunc.swift in Sources */ = {isa = PBXBuildFile; fileRef = 0A0BBF0420397D6100486915 /* MainVCfunc.swift */; };
		0A0BBF0720397D6100486915 /* MainVCCV.swift in Sources */ = {isa = PBXBuildFile; fileRef = 0A0BBF0520397D6100486915 /* MainVCCV.swift */; };
		0A0BBF092039890000486915 /* CoreDataHelper.swift in Sources */ = {isa = PBXBuildFile; fileRef = 0A0BBF082039890000486915 /* CoreDataHelper.swift */; };
		0A0BBF0C203996F300486915 /* SidemenuParentTVC.swift in Sources */ = {isa = PBXBuildFile; fileRef = 0A0BBF0A203996F300486915 /* SidemenuParentTVC.swift */; };
		0A0BBF0D203996F300486915 /* SidemenuParentTVC.xib in Resources */ = {isa = PBXBuildFile; fileRef = 0A0BBF0B203996F300486915 /* SidemenuParentTVC.xib */; };
		0A0BBF0F20399F2200486915 /* UtilityHelper.swift in Sources */ = {isa = PBXBuildFile; fileRef = 0A0BBF0E20399F2200486915 /* UtilityHelper.swift */; };
		0A0BBF112039A03600486915 /* Constants.swift in Sources */ = {isa = PBXBuildFile; fileRef = 0A0BBF102039A03600486915 /* Constants.swift */; };
		0A0BBF2A203A24AD00486915 /* sampleFacts.plist in Resources */ = {isa = PBXBuildFile; fileRef = 0A0BBF29203A24AD00486915 /* sampleFacts.plist */; };
		0A0BBF2E203B5BB300486915 /* FileHelperApi.swift in Sources */ = {isa = PBXBuildFile; fileRef = 0A0BBF2D203B5BB300486915 /* FileHelperApi.swift */; };
		0A3E87B820358F40002A4748 /* AppDelegate.swift in Sources */ = {isa = PBXBuildFile; fileRef = 0A3E87B720358F40002A4748 /* AppDelegate.swift */; };
		0A3E87BD20358F40002A4748 /* Main.storyboard in Resources */ = {isa = PBXBuildFile; fileRef = 0A3E87BB20358F40002A4748 /* Main.storyboard */; };
		0A3E87C020358F40002A4748 /* Learn.xcdatamodeld in Sources */ = {isa = PBXBuildFile; fileRef = 0A3E87BE20358F40002A4748 /* Learn.xcdatamodeld */; };
		0A3E87C220358F40002A4748 /* Assets.xcassets in Resources */ = {isa = PBXBuildFile; fileRef = 0A3E87C120358F40002A4748 /* Assets.xcassets */; };
		0A3E87C520358F40002A4748 /* LaunchScreen.storyboard in Resources */ = {isa = PBXBuildFile; fileRef = 0A3E87C320358F40002A4748 /* LaunchScreen.storyboard */; };
		0A3E87DC20359A2B002A4748 /* MainVC.swift in Sources */ = {isa = PBXBuildFile; fileRef = 0A3E87DB20359A2B002A4748 /* MainVC.swift */; };
		0A3E87DE20359A3D002A4748 /* BaseVC.swift in Sources */ = {isa = PBXBuildFile; fileRef = 0A3E87DD20359A3D002A4748 /* BaseVC.swift */; };
		0A3E87E32035C7E2002A4748 /* CatSidemenuVC.swift in Sources */ = {isa = PBXBuildFile; fileRef = 0A3E87E22035C7E2002A4748 /* CatSidemenuVC.swift */; };
		0A5AE4E220577D22007387DE /* SettingsCVVC.swift in Sources */ = {isa = PBXBuildFile; fileRef = 0A5AE4E120577D22007387DE /* SettingsCVVC.swift */; };
		0A5AE4EB205847AF007387DE /* HeaderForCollectionReusableView.swift in Sources */ = {isa = PBXBuildFile; fileRef = 0A5AE4E9205847AD007387DE /* HeaderForCollectionReusableView.swift */; };
		0A5AE4EE20584855007387DE /* FontsCVC.swift in Sources */ = {isa = PBXBuildFile; fileRef = 0A5AE4EC20584855007387DE /* FontsCVC.swift */; };
		0A5AE4EF20584855007387DE /* FontsCVC.xib in Resources */ = {isa = PBXBuildFile; fileRef = 0A5AE4ED20584855007387DE /* FontsCVC.xib */; };
		0A5AE4FA205863CD007387DE /* 1@1x.png in Resources */ = {isa = PBXBuildFile; fileRef = 0A5AE4F12058632E007387DE /* 1@1x.png */; };
		0A5AE4FB205863CD007387DE /* 2@1x.png in Resources */ = {isa = PBXBuildFile; fileRef = 0A5AE4F22058632E007387DE /* 2@1x.png */; };
		0A5AE4FC205863CD007387DE /* 3@1x.png in Resources */ = {isa = PBXBuildFile; fileRef = 0A5AE4F32058632E007387DE /* 3@1x.png */; };
		0A5AE4FD205863CD007387DE /* 4@1x.png in Resources */ = {isa = PBXBuildFile; fileRef = 0A5AE4F42058632E007387DE /* 4@1x.png */; };
		0A5AE4FE205863CD007387DE /* 5@1x.png in Resources */ = {isa = PBXBuildFile; fileRef = 0A5AE4F52058632E007387DE /* 5@1x.png */; };
		0A5AE4FF205863CD007387DE /* 6@1x.png in Resources */ = {isa = PBXBuildFile; fileRef = 0A5AE4F62058632E007387DE /* 6@1x.png */; };
		0A5AE500205863CD007387DE /* 7@1x.png in Resources */ = {isa = PBXBuildFile; fileRef = 0A5AE4F72058632E007387DE /* 7@1x.png */; };
		0A5AE501205863CD007387DE /* 8@1x.png in Resources */ = {isa = PBXBuildFile; fileRef = 0A5AE4F82058632E007387DE /* 8@1x.png */; };
		0A5AE502205863CD007387DE /* 9@1x.png in Resources */ = {isa = PBXBuildFile; fileRef = 0A5AE4F92058632E007387DE /* 9@1x.png */; };
		0A5AE504205B1EB1007387DE /* ApplicationServiceModel.swift in Sources */ = {isa = PBXBuildFile; fileRef = 0A5AE503205B1EB0007387DE /* ApplicationServiceModel.swift */; };
		0A5AE506205EB9E2007387DE /* ExtensionHelper.swift in Sources */ = {isa = PBXBuildFile; fileRef = 0A5AE505205EB9E2007387DE /* ExtensionHelper.swift */; };
		0A6979F7204DC9E7000A68CA /* LoginVC.swift in Sources */ = {isa = PBXBuildFile; fileRef = 0A6979F6204DC9E6000A68CA /* LoginVC.swift */; };
		0A6979FB204DCFFD000A68CA /* PageRedirectHelper.swift in Sources */ = {isa = PBXBuildFile; fileRef = 0A6979FA204DCFFD000A68CA /* PageRedirectHelper.swift */; };
		0A7599AE207219A9000570B3 /* ReminderTVC.swift in Sources */ = {isa = PBXBuildFile; fileRef = 0A7599AC207219A9000570B3 /* ReminderTVC.swift */; };
		0A7599AF207219A9000570B3 /* ReminderTVC.xib in Resources */ = {isa = PBXBuildFile; fileRef = 0A7599AD207219A9000570B3 /* ReminderTVC.xib */; };
		0A7599B120725861000570B3 /* PreSidemenuVC.swift in Sources */ = {isa = PBXBuildFile; fileRef = 0A7599B020725861000570B3 /* PreSidemenuVC.swift */; };
		0A7599B420725AA9000570B3 /* SidemenuTableHeader.swift in Sources */ = {isa = PBXBuildFile; fileRef = 0A7599B220725AA9000570B3 /* SidemenuTableHeader.swift */; };
		0A7599B520725AA9000570B3 /* SidemenuTableHeader.xib in Resources */ = {isa = PBXBuildFile; fileRef = 0A7599B320725AA9000570B3 /* SidemenuTableHeader.xib */; };
		0A7599B820725B9F000570B3 /* ImageTitleDesTVC.swift in Sources */ = {isa = PBXBuildFile; fileRef = 0A7599B620725B9F000570B3 /* ImageTitleDesTVC.swift */; };
		0A7599B920725B9F000570B3 /* ImageTitleDesTVC.xib in Resources */ = {isa = PBXBuildFile; fileRef = 0A7599B720725B9F000570B3 /* ImageTitleDesTVC.xib */; };
		0A7599BB20730D50000570B3 /* themes.plist in Resources */ = {isa = PBXBuildFile; fileRef = 0A7599BA20730D50000570B3 /* themes.plist */; };
		0A7599BD20731257000570B3 /* StyleHelper.swift in Sources */ = {isa = PBXBuildFile; fileRef = 0A7599BC20731257000570B3 /* StyleHelper.swift */; };
		0A7599C1207321AD000570B3 /* UniHeaderCVC.swift in Sources */ = {isa = PBXBuildFile; fileRef = 0A7599BF207321AD000570B3 /* UniHeaderCVC.swift */; };
		0A7599C2207321AD000570B3 /* UniHeaderCVC.xib in Resources */ = {isa = PBXBuildFile; fileRef = 0A7599C0207321AD000570B3 /* UniHeaderCVC.xib */; };
		0A7599C520734765000570B3 /* BtnViewCVC.swift in Sources */ = {isa = PBXBuildFile; fileRef = 0A7599C320734765000570B3 /* BtnViewCVC.swift */; };
		0A7599C620734765000570B3 /* BtnViewCVC.xib in Resources */ = {isa = PBXBuildFile; fileRef = 0A7599C420734765000570B3 /* BtnViewCVC.xib */; };
		0A7599CB20737C5B000570B3 /* HeadViewCVC.swift in Sources */ = {isa = PBXBuildFile; fileRef = 0A7599C920737C5B000570B3 /* HeadViewCVC.swift */; };
		0A7599CC20737C5B000570B3 /* HeadViewCVC.xib in Resources */ = {isa = PBXBuildFile; fileRef = 0A7599CA20737C5B000570B3 /* HeadViewCVC.xib */; };
		0A7599CF20737E1B000570B3 /* CatLabelCVC.swift in Sources */ = {isa = PBXBuildFile; fileRef = 0A7599CD20737E1B000570B3 /* CatLabelCVC.swift */; };
		0A7599D020737E1B000570B3 /* CatLabelCVC.xib in Resources */ = {isa = PBXBuildFile; fileRef = 0A7599CE20737E1B000570B3 /* CatLabelCVC.xib */; };
		0A7599D42073A538000570B3 /* sidemenu.plist in Resources */ = {isa = PBXBuildFile; fileRef = 0A7599D32073A538000570B3 /* sidemenu.plist */; };
		0A7599D72073E58B000570B3 /* ReminderCVC.swift in Sources */ = {isa = PBXBuildFile; fileRef = 0A7599D52073E58B000570B3 /* ReminderCVC.swift */; };
		0A7599D82073E58B000570B3 /* ReminderCVC.xib in Resources */ = {isa = PBXBuildFile; fileRef = 0A7599D62073E58B000570B3 /* ReminderCVC.xib */; };
		0A9CCCFA205537D3006F5396 /* abel-regular_0.ttf in Resources */ = {isa = PBXBuildFile; fileRef = 0A9CCCF0205537D2006F5396 /* abel-regular_0.ttf */; };
		0A9CCCFB205537D3006F5396 /* Esphimere Light_0.otf in Resources */ = {isa = PBXBuildFile; fileRef = 0A9CCCF1205537D2006F5396 /* Esphimere Light_0.otf */; };
		0A9CCCFC205537D3006F5396 /* Gin Oblique.otf in Resources */ = {isa = PBXBuildFile; fileRef = 0A9CCCF2205537D2006F5396 /* Gin Oblique.otf */; };
		0A9CCCFD205537D3006F5396 /* Gin Regular.otf in Resources */ = {isa = PBXBuildFile; fileRef = 0A9CCCF3205537D2006F5396 /* Gin Regular.otf */; };
		0A9CCCFE205537D3006F5396 /* Goodline free.ttf in Resources */ = {isa = PBXBuildFile; fileRef = 0A9CCCF4205537D2006F5396 /* Goodline free.ttf */; };
		0A9CCCFF205537D3006F5396 /* Harabara.ttf in Resources */ = {isa = PBXBuildFile; fileRef = 0A9CCCF5205537D3006F5396 /* Harabara.ttf */; };
		0A9CCD00205537D3006F5396 /* Infinite_Stroke.otf in Resources */ = {isa = PBXBuildFile; fileRef = 0A9CCCF6205537D3006F5396 /* Infinite_Stroke.otf */; };
		0A9CCD01205537D3006F5396 /* Infinite_Stroke_2.ttf in Resources */ = {isa = PBXBuildFile; fileRef = 0A9CCCF7205537D3006F5396 /* Infinite_Stroke_2.ttf */; };
		0A9CCD02205537D3006F5396 /* TrajanPro-Bold.otf in Resources */ = {isa = PBXBuildFile; fileRef = 0A9CCCF8205537D3006F5396 /* TrajanPro-Bold.otf */; };
		0A9CCD03205537D3006F5396 /* TrajanPro-Regular.otf in Resources */ = {isa = PBXBuildFile; fileRef = 0A9CCCF9205537D3006F5396 /* TrajanPro-Regular.otf */; };
		0A9CCD05205539A1006F5396 /* SettingsVC.swift in Sources */ = {isa = PBXBuildFile; fileRef = 0A9CCD04205539A1006F5396 /* SettingsVC.swift */; };
		0A9CCD0720553F56006F5396 /* GBHFacebookHelper.swift in Sources */ = {isa = PBXBuildFile; fileRef = 0A9CCD0620553F56006F5396 /* GBHFacebookHelper.swift */; };
		0AABBF71207211AD00668419 /* ReminderVC.swift in Sources */ = {isa = PBXBuildFile; fileRef = 0AABBF70207211AD00668419 /* ReminderVC.swift */; };
		0AABBF732072137600668419 /* AddReminderVC.swift in Sources */ = {isa = PBXBuildFile; fileRef = 0AABBF722072137600668419 /* AddReminderVC.swift */; };
		0AD7BA00206518DF007A6E44 /* LearnottoApi.swift in Sources */ = {isa = PBXBuildFile; fileRef = 0AD7B9FF206518DE007A6E44 /* LearnottoApi.swift */; };
		0AE430A32037791C00894DBC /* GalleryImageCVC.swift in Sources */ = {isa = PBXBuildFile; fileRef = 0AE430A12037791C00894DBC /* GalleryImageCVC.swift */; };
		0AE430A42037791C00894DBC /* GalleryImageCVC.xib in Resources */ = {isa = PBXBuildFile; fileRef = 0AE430A22037791C00894DBC /* GalleryImageCVC.xib */; };
		0AE430A8203782CD00894DBC /* AssetImageApi.swift in Sources */ = {isa = PBXBuildFile; fileRef = 0AE430A7203782CD00894DBC /* AssetImageApi.swift */; };
		0AFDDA052064D186002C860B /* NetworkHelper.swift in Sources */ = {isa = PBXBuildFile; fileRef = 0AFDDA042064D186002C860B /* NetworkHelper.swift */; };
		0AFDDA1C2064D456002C860B /* ARSInfiniteLoader.swift in Sources */ = {isa = PBXBuildFile; fileRef = 0AFDDA122064D456002C860B /* ARSInfiniteLoader.swift */; };
		0AFDDA1D2064D456002C860B /* ARSLineProgress.swift in Sources */ = {isa = PBXBuildFile; fileRef = 0AFDDA132064D456002C860B /* ARSLineProgress.swift */; };
		0AFDDA1E2064D456002C860B /* ARSLineProgressConstants.swift in Sources */ = {isa = PBXBuildFile; fileRef = 0AFDDA142064D456002C860B /* ARSLineProgressConstants.swift */; };
		0AFDDA1F2064D456002C860B /* ARSLineProgressCustomization.swift in Sources */ = {isa = PBXBuildFile; fileRef = 0AFDDA152064D456002C860B /* ARSLineProgressCustomization.swift */; };
		0AFDDA202064D456002C860B /* ARSLineProgressExtensions.swift in Sources */ = {isa = PBXBuildFile; fileRef = 0AFDDA162064D456002C860B /* ARSLineProgressExtensions.swift */; };
		0AFDDA212064D456002C860B /* ARSLineProgressHelpers.swift in Sources */ = {isa = PBXBuildFile; fileRef = 0AFDDA172064D456002C860B /* ARSLineProgressHelpers.swift */; };
		0AFDDA222064D456002C860B /* ARSLineProgressProtocols.swift in Sources */ = {isa = PBXBuildFile; fileRef = 0AFDDA182064D456002C860B /* ARSLineProgressProtocols.swift */; };
		0AFDDA232064D456002C860B /* ARSLineProgressTypeAliases.swift in Sources */ = {isa = PBXBuildFile; fileRef = 0AFDDA192064D456002C860B /* ARSLineProgressTypeAliases.swift */; };
		0AFDDA242064D456002C860B /* ARSProgressLoader.swift in Sources */ = {isa = PBXBuildFile; fileRef = 0AFDDA1A2064D456002C860B /* ARSProgressLoader.swift */; };
		0AFDDA252064D456002C860B /* ARSStatus.swift in Sources */ = {isa = PBXBuildFile; fileRef = 0AFDDA1B2064D456002C860B /* ARSStatus.swift */; };
		0AFDDA272064D7AE002C860B /* UserModel.swift in Sources */ = {isa = PBXBuildFile; fileRef = 0AFDDA262064D7AE002C860B /* UserModel.swift */; };
		2F8AC24BEED3F0383ACB1E64 /* Pods_Learn.framework in Frameworks */ = {isa = PBXBuildFile; fileRef = 7BFC95D4D30155E93829A8CC /* Pods_Learn.framework */; };
/* End PBXBuildFile section */

/* Begin PBXFileReference section */
		0A0BBF0420397D6100486915 /* MainVCfunc.swift */ = {isa = PBXFileReference; fileEncoding = 4; lastKnownFileType = sourcecode.swift; path = MainVCfunc.swift; sourceTree = "<group>"; };
		0A0BBF0520397D6100486915 /* MainVCCV.swift */ = {isa = PBXFileReference; fileEncoding = 4; lastKnownFileType = sourcecode.swift; path = MainVCCV.swift; sourceTree = "<group>"; };
		0A0BBF082039890000486915 /* CoreDataHelper.swift */ = {isa = PBXFileReference; lastKnownFileType = sourcecode.swift; path = CoreDataHelper.swift; sourceTree = "<group>"; };
		0A0BBF0A203996F300486915 /* SidemenuParentTVC.swift */ = {isa = PBXFileReference; lastKnownFileType = sourcecode.swift; path = SidemenuParentTVC.swift; sourceTree = "<group>"; };
		0A0BBF0B203996F300486915 /* SidemenuParentTVC.xib */ = {isa = PBXFileReference; lastKnownFileType = file.xib; path = SidemenuParentTVC.xib; sourceTree = "<group>"; };
		0A0BBF0E20399F2200486915 /* UtilityHelper.swift */ = {isa = PBXFileReference; lastKnownFileType = sourcecode.swift; path = UtilityHelper.swift; sourceTree = "<group>"; };
		0A0BBF102039A03600486915 /* Constants.swift */ = {isa = PBXFileReference; lastKnownFileType = sourcecode.swift; path = Constants.swift; sourceTree = "<group>"; };
		0A0BBF29203A24AD00486915 /* sampleFacts.plist */ = {isa = PBXFileReference; lastKnownFileType = text.plist.xml; path = sampleFacts.plist; sourceTree = "<group>"; };
		0A0BBF2D203B5BB300486915 /* FileHelperApi.swift */ = {isa = PBXFileReference; lastKnownFileType = sourcecode.swift; path = FileHelperApi.swift; sourceTree = "<group>"; };
		0A3E87B420358F40002A4748 /* Learn.app */ = {isa = PBXFileReference; explicitFileType = wrapper.application; includeInIndex = 0; path = Learn.app; sourceTree = BUILT_PRODUCTS_DIR; };
		0A3E87B720358F40002A4748 /* AppDelegate.swift */ = {isa = PBXFileReference; lastKnownFileType = sourcecode.swift; path = AppDelegate.swift; sourceTree = "<group>"; };
		0A3E87BC20358F40002A4748 /* Base */ = {isa = PBXFileReference; lastKnownFileType = file.storyboard; name = Base; path = Base.lproj/Main.storyboard; sourceTree = "<group>"; };
		0A3E87BF20358F40002A4748 /* Learn.xcdatamodel */ = {isa = PBXFileReference; lastKnownFileType = wrapper.xcdatamodel; path = Learn.xcdatamodel; sourceTree = "<group>"; };
		0A3E87C120358F40002A4748 /* Assets.xcassets */ = {isa = PBXFileReference; lastKnownFileType = folder.assetcatalog; path = Assets.xcassets; sourceTree = "<group>"; };
		0A3E87C420358F40002A4748 /* Base */ = {isa = PBXFileReference; lastKnownFileType = file.storyboard; name = Base; path = Base.lproj/LaunchScreen.storyboard; sourceTree = "<group>"; };
		0A3E87C620358F40002A4748 /* Info.plist */ = {isa = PBXFileReference; lastKnownFileType = text.plist.xml; path = Info.plist; sourceTree = "<group>"; };
		0A3E87DB20359A2B002A4748 /* MainVC.swift */ = {isa = PBXFileReference; lastKnownFileType = sourcecode.swift; path = MainVC.swift; sourceTree = "<group>"; };
		0A3E87DD20359A3D002A4748 /* BaseVC.swift */ = {isa = PBXFileReference; lastKnownFileType = sourcecode.swift; path = BaseVC.swift; sourceTree = "<group>"; };
		0A3E87E22035C7E2002A4748 /* CatSidemenuVC.swift */ = {isa = PBXFileReference; lastKnownFileType = sourcecode.swift; path = CatSidemenuVC.swift; sourceTree = "<group>"; };
		0A5AE4E120577D22007387DE /* SettingsCVVC.swift */ = {isa = PBXFileReference; lastKnownFileType = sourcecode.swift; path = SettingsCVVC.swift; sourceTree = "<group>"; };
		0A5AE4E9205847AD007387DE /* HeaderForCollectionReusableView.swift */ = {isa = PBXFileReference; lastKnownFileType = sourcecode.swift; path = HeaderForCollectionReusableView.swift; sourceTree = "<group>"; };
		0A5AE4EA205847AE007387DE /* HeaderForCollectionReusableView.xib */ = {isa = PBXFileReference; lastKnownFileType = file.xib; path = HeaderForCollectionReusableView.xib; sourceTree = "<group>"; };
		0A5AE4EC20584855007387DE /* FontsCVC.swift */ = {isa = PBXFileReference; lastKnownFileType = sourcecode.swift; path = FontsCVC.swift; sourceTree = "<group>"; };
		0A5AE4ED20584855007387DE /* FontsCVC.xib */ = {isa = PBXFileReference; lastKnownFileType = file.xib; path = FontsCVC.xib; sourceTree = "<group>"; };
		0A5AE4F12058632E007387DE /* 1@1x.png */ = {isa = PBXFileReference; lastKnownFileType = image.png; path = "1@1x.png"; sourceTree = "<group>"; };
		0A5AE4F22058632E007387DE /* 2@1x.png */ = {isa = PBXFileReference; lastKnownFileType = image.png; path = "2@1x.png"; sourceTree = "<group>"; };
		0A5AE4F32058632E007387DE /* 3@1x.png */ = {isa = PBXFileReference; lastKnownFileType = image.png; path = "3@1x.png"; sourceTree = "<group>"; };
		0A5AE4F42058632E007387DE /* 4@1x.png */ = {isa = PBXFileReference; lastKnownFileType = image.png; path = "4@1x.png"; sourceTree = "<group>"; };
		0A5AE4F52058632E007387DE /* 5@1x.png */ = {isa = PBXFileReference; lastKnownFileType = image.png; path = "5@1x.png"; sourceTree = "<group>"; };
		0A5AE4F62058632E007387DE /* 6@1x.png */ = {isa = PBXFileReference; lastKnownFileType = image.png; path = "6@1x.png"; sourceTree = "<group>"; };
		0A5AE4F72058632E007387DE /* 7@1x.png */ = {isa = PBXFileReference; lastKnownFileType = image.png; path = "7@1x.png"; sourceTree = "<group>"; };
		0A5AE4F82058632E007387DE /* 8@1x.png */ = {isa = PBXFileReference; lastKnownFileType = image.png; path = "8@1x.png"; sourceTree = "<group>"; };
		0A5AE4F92058632E007387DE /* 9@1x.png */ = {isa = PBXFileReference; lastKnownFileType = image.png; path = "9@1x.png"; sourceTree = "<group>"; };
		0A5AE503205B1EB0007387DE /* ApplicationServiceModel.swift */ = {isa = PBXFileReference; lastKnownFileType = sourcecode.swift; path = ApplicationServiceModel.swift; sourceTree = "<group>"; };
		0A5AE505205EB9E2007387DE /* ExtensionHelper.swift */ = {isa = PBXFileReference; lastKnownFileType = sourcecode.swift; path = ExtensionHelper.swift; sourceTree = "<group>"; };
		0A6979F6204DC9E6000A68CA /* LoginVC.swift */ = {isa = PBXFileReference; lastKnownFileType = sourcecode.swift; path = LoginVC.swift; sourceTree = "<group>"; };
		0A6979FA204DCFFD000A68CA /* PageRedirectHelper.swift */ = {isa = PBXFileReference; lastKnownFileType = sourcecode.swift; path = PageRedirectHelper.swift; sourceTree = "<group>"; };
		0A7599AC207219A9000570B3 /* ReminderTVC.swift */ = {isa = PBXFileReference; lastKnownFileType = sourcecode.swift; path = ReminderTVC.swift; sourceTree = "<group>"; };
		0A7599AD207219A9000570B3 /* ReminderTVC.xib */ = {isa = PBXFileReference; lastKnownFileType = file.xib; path = ReminderTVC.xib; sourceTree = "<group>"; };
		0A7599B020725861000570B3 /* PreSidemenuVC.swift */ = {isa = PBXFileReference; lastKnownFileType = sourcecode.swift; path = PreSidemenuVC.swift; sourceTree = "<group>"; };
		0A7599B220725AA9000570B3 /* SidemenuTableHeader.swift */ = {isa = PBXFileReference; lastKnownFileType = sourcecode.swift; path = SidemenuTableHeader.swift; sourceTree = "<group>"; };
		0A7599B320725AA9000570B3 /* SidemenuTableHeader.xib */ = {isa = PBXFileReference; lastKnownFileType = file.xib; path = SidemenuTableHeader.xib; sourceTree = "<group>"; };
		0A7599B620725B9F000570B3 /* ImageTitleDesTVC.swift */ = {isa = PBXFileReference; lastKnownFileType = sourcecode.swift; path = ImageTitleDesTVC.swift; sourceTree = "<group>"; };
		0A7599B720725B9F000570B3 /* ImageTitleDesTVC.xib */ = {isa = PBXFileReference; lastKnownFileType = file.xib; path = ImageTitleDesTVC.xib; sourceTree = "<group>"; };
		0A7599BA20730D50000570B3 /* themes.plist */ = {isa = PBXFileReference; lastKnownFileType = text.plist.xml; path = themes.plist; sourceTree = "<group>"; };
		0A7599BC20731257000570B3 /* StyleHelper.swift */ = {isa = PBXFileReference; lastKnownFileType = sourcecode.swift; path = StyleHelper.swift; sourceTree = "<group>"; };
		0A7599BF207321AD000570B3 /* UniHeaderCVC.swift */ = {isa = PBXFileReference; lastKnownFileType = sourcecode.swift; path = UniHeaderCVC.swift; sourceTree = "<group>"; };
		0A7599C0207321AD000570B3 /* UniHeaderCVC.xib */ = {isa = PBXFileReference; lastKnownFileType = file.xib; path = UniHeaderCVC.xib; sourceTree = "<group>"; };
		0A7599C320734765000570B3 /* BtnViewCVC.swift */ = {isa = PBXFileReference; lastKnownFileType = sourcecode.swift; path = BtnViewCVC.swift; sourceTree = "<group>"; };
		0A7599C420734765000570B3 /* BtnViewCVC.xib */ = {isa = PBXFileReference; lastKnownFileType = file.xib; path = BtnViewCVC.xib; sourceTree = "<group>"; };
		0A7599C920737C5B000570B3 /* HeadViewCVC.swift */ = {isa = PBXFileReference; lastKnownFileType = sourcecode.swift; path = HeadViewCVC.swift; sourceTree = "<group>"; };
		0A7599CA20737C5B000570B3 /* HeadViewCVC.xib */ = {isa = PBXFileReference; lastKnownFileType = file.xib; path = HeadViewCVC.xib; sourceTree = "<group>"; };
		0A7599CD20737E1B000570B3 /* CatLabelCVC.swift */ = {isa = PBXFileReference; lastKnownFileType = sourcecode.swift; path = CatLabelCVC.swift; sourceTree = "<group>"; };
		0A7599CE20737E1B000570B3 /* CatLabelCVC.xib */ = {isa = PBXFileReference; lastKnownFileType = file.xib; path = CatLabelCVC.xib; sourceTree = "<group>"; };
		0A7599D32073A538000570B3 /* sidemenu.plist */ = {isa = PBXFileReference; lastKnownFileType = text.plist.xml; path = sidemenu.plist; sourceTree = "<group>"; };
		0A7599D52073E58B000570B3 /* ReminderCVC.swift */ = {isa = PBXFileReference; lastKnownFileType = sourcecode.swift; path = ReminderCVC.swift; sourceTree = "<group>"; };
		0A7599D62073E58B000570B3 /* ReminderCVC.xib */ = {isa = PBXFileReference; lastKnownFileType = file.xib; path = ReminderCVC.xib; sourceTree = "<group>"; };
		0A9CCCF0205537D2006F5396 /* abel-regular_0.ttf */ = {isa = PBXFileReference; lastKnownFileType = file; path = "abel-regular_0.ttf"; sourceTree = "<group>"; };
		0A9CCCF1205537D2006F5396 /* Esphimere Light_0.otf */ = {isa = PBXFileReference; lastKnownFileType = file; path = "Esphimere Light_0.otf"; sourceTree = "<group>"; };
		0A9CCCF2205537D2006F5396 /* Gin Oblique.otf */ = {isa = PBXFileReference; lastKnownFileType = file; path = "Gin Oblique.otf"; sourceTree = "<group>"; };
		0A9CCCF3205537D2006F5396 /* Gin Regular.otf */ = {isa = PBXFileReference; lastKnownFileType = file; path = "Gin Regular.otf"; sourceTree = "<group>"; };
		0A9CCCF4205537D2006F5396 /* Goodline free.ttf */ = {isa = PBXFileReference; lastKnownFileType = file; path = "Goodline free.ttf"; sourceTree = "<group>"; };
		0A9CCCF5205537D3006F5396 /* Harabara.ttf */ = {isa = PBXFileReference; lastKnownFileType = file; path = Harabara.ttf; sourceTree = "<group>"; };
		0A9CCCF6205537D3006F5396 /* Infinite_Stroke.otf */ = {isa = PBXFileReference; lastKnownFileType = file; path = Infinite_Stroke.otf; sourceTree = "<group>"; };
		0A9CCCF7205537D3006F5396 /* Infinite_Stroke_2.ttf */ = {isa = PBXFileReference; lastKnownFileType = file; path = Infinite_Stroke_2.ttf; sourceTree = "<group>"; };
		0A9CCCF8205537D3006F5396 /* TrajanPro-Bold.otf */ = {isa = PBXFileReference; lastKnownFileType = file; path = "TrajanPro-Bold.otf"; sourceTree = "<group>"; };
		0A9CCCF9205537D3006F5396 /* TrajanPro-Regular.otf */ = {isa = PBXFileReference; lastKnownFileType = file; path = "TrajanPro-Regular.otf"; sourceTree = "<group>"; };
		0A9CCD04205539A1006F5396 /* SettingsVC.swift */ = {isa = PBXFileReference; lastKnownFileType = sourcecode.swift; path = SettingsVC.swift; sourceTree = "<group>"; };
		0A9CCD0620553F56006F5396 /* GBHFacebookHelper.swift */ = {isa = PBXFileReference; lastKnownFileType = sourcecode.swift; path = GBHFacebookHelper.swift; sourceTree = "<group>"; };
		0AABBF70207211AD00668419 /* ReminderVC.swift */ = {isa = PBXFileReference; lastKnownFileType = sourcecode.swift; path = ReminderVC.swift; sourceTree = "<group>"; };
		0AABBF722072137600668419 /* AddReminderVC.swift */ = {isa = PBXFileReference; lastKnownFileType = sourcecode.swift; path = AddReminderVC.swift; sourceTree = "<group>"; };
		0AD7B9FF206518DE007A6E44 /* LearnottoApi.swift */ = {isa = PBXFileReference; lastKnownFileType = sourcecode.swift; path = LearnottoApi.swift; sourceTree = "<group>"; };
		0AE430A12037791C00894DBC /* GalleryImageCVC.swift */ = {isa = PBXFileReference; lastKnownFileType = sourcecode.swift; path = GalleryImageCVC.swift; sourceTree = "<group>"; };
		0AE430A22037791C00894DBC /* GalleryImageCVC.xib */ = {isa = PBXFileReference; lastKnownFileType = file.xib; path = GalleryImageCVC.xib; sourceTree = "<group>"; };
		0AE430A7203782CD00894DBC /* AssetImageApi.swift */ = {isa = PBXFileReference; lastKnownFileType = sourcecode.swift; path = AssetImageApi.swift; sourceTree = "<group>"; };
		0AFDDA042064D186002C860B /* NetworkHelper.swift */ = {isa = PBXFileReference; lastKnownFileType = sourcecode.swift; path = NetworkHelper.swift; sourceTree = "<group>"; };
		0AFDDA122064D456002C860B /* ARSInfiniteLoader.swift */ = {isa = PBXFileReference; fileEncoding = 4; lastKnownFileType = sourcecode.swift; path = ARSInfiniteLoader.swift; sourceTree = "<group>"; };
		0AFDDA132064D456002C860B /* ARSLineProgress.swift */ = {isa = PBXFileReference; fileEncoding = 4; lastKnownFileType = sourcecode.swift; path = ARSLineProgress.swift; sourceTree = "<group>"; };
		0AFDDA142064D456002C860B /* ARSLineProgressConstants.swift */ = {isa = PBXFileReference; fileEncoding = 4; lastKnownFileType = sourcecode.swift; path = ARSLineProgressConstants.swift; sourceTree = "<group>"; };
		0AFDDA152064D456002C860B /* ARSLineProgressCustomization.swift */ = {isa = PBXFileReference; fileEncoding = 4; lastKnownFileType = sourcecode.swift; path = ARSLineProgressCustomization.swift; sourceTree = "<group>"; };
		0AFDDA162064D456002C860B /* ARSLineProgressExtensions.swift */ = {isa = PBXFileReference; fileEncoding = 4; lastKnownFileType = sourcecode.swift; path = ARSLineProgressExtensions.swift; sourceTree = "<group>"; };
		0AFDDA172064D456002C860B /* ARSLineProgressHelpers.swift */ = {isa = PBXFileReference; fileEncoding = 4; lastKnownFileType = sourcecode.swift; path = ARSLineProgressHelpers.swift; sourceTree = "<group>"; };
		0AFDDA182064D456002C860B /* ARSLineProgressProtocols.swift */ = {isa = PBXFileReference; fileEncoding = 4; lastKnownFileType = sourcecode.swift; path = ARSLineProgressProtocols.swift; sourceTree = "<group>"; };
		0AFDDA192064D456002C860B /* ARSLineProgressTypeAliases.swift */ = {isa = PBXFileReference; fileEncoding = 4; lastKnownFileType = sourcecode.swift; path = ARSLineProgressTypeAliases.swift; sourceTree = "<group>"; };
		0AFDDA1A2064D456002C860B /* ARSProgressLoader.swift */ = {isa = PBXFileReference; fileEncoding = 4; lastKnownFileType = sourcecode.swift; path = ARSProgressLoader.swift; sourceTree = "<group>"; };
		0AFDDA1B2064D456002C860B /* ARSStatus.swift */ = {isa = PBXFileReference; fileEncoding = 4; lastKnownFileType = sourcecode.swift; path = ARSStatus.swift; sourceTree = "<group>"; };
		0AFDDA262064D7AE002C860B /* UserModel.swift */ = {isa = PBXFileReference; lastKnownFileType = sourcecode.swift; path = UserModel.swift; sourceTree = "<group>"; };
		3C9E2C88444EF7493A783CBE /* Pods-Learn.release.xcconfig */ = {isa = PBXFileReference; includeInIndex = 1; lastKnownFileType = text.xcconfig; name = "Pods-Learn.release.xcconfig"; path = "Pods/Target Support Files/Pods-Learn/Pods-Learn.release.xcconfig"; sourceTree = "<group>"; };
		7BFC95D4D30155E93829A8CC /* Pods_Learn.framework */ = {isa = PBXFileReference; explicitFileType = wrapper.framework; includeInIndex = 0; path = Pods_Learn.framework; sourceTree = BUILT_PRODUCTS_DIR; };
		EA9F62BB5056E8DFE06320C4 /* Pods-Learn.debug.xcconfig */ = {isa = PBXFileReference; includeInIndex = 1; lastKnownFileType = text.xcconfig; name = "Pods-Learn.debug.xcconfig"; path = "Pods/Target Support Files/Pods-Learn/Pods-Learn.debug.xcconfig"; sourceTree = "<group>"; };
/* End PBXFileReference section */

/* Begin PBXFrameworksBuildPhase section */
		0A3E87B120358F40002A4748 /* Frameworks */ = {
			isa = PBXFrameworksBuildPhase;
			buildActionMask = 2147483647;
			files = (
				2F8AC24BEED3F0383ACB1E64 /* Pods_Learn.framework in Frameworks */,
			);
			runOnlyForDeploymentPostprocessing = 0;
		};
/* End PBXFrameworksBuildPhase section */

/* Begin PBXGroup section */
		0A3E87AB20358F3F002A4748 = {
			isa = PBXGroup;
			children = (
				0A3E87B620358F40002A4748 /* Learn */,
				0A3E87B520358F40002A4748 /* Products */,
				0D2A0D8513ADDF9EEB3EE1A7 /* Pods */,
				13A061793CA2231015682AC0 /* Frameworks */,
			);
			sourceTree = "<group>";
		};
		0A3E87B520358F40002A4748 /* Products */ = {
			isa = PBXGroup;
			children = (
				0A3E87B420358F40002A4748 /* Learn.app */,
			);
			name = Products;
			sourceTree = "<group>";
		};
		0A3E87B620358F40002A4748 /* Learn */ = {
			isa = PBXGroup;
			children = (
				0A3E87CF203599EF002A4748 /* Libraries */,
				0A3E87D6203599EF002A4748 /* Reusable */,
				0A3E87D0203599EF002A4748 /* UIViews */,
				0A3E87CC203599EE002A4748 /* ViewControllers */,
				0A3E87B720358F40002A4748 /* AppDelegate.swift */,
				0A3E87BB20358F40002A4748 /* Main.storyboard */,
				0A3E87C120358F40002A4748 /* Assets.xcassets */,
				0A3E87C320358F40002A4748 /* LaunchScreen.storyboard */,
				0A3E87C620358F40002A4748 /* Info.plist */,
				0A3E87BE20358F40002A4748 /* Learn.xcdatamodeld */,
			);
			path = Learn;
			sourceTree = "<group>";
		};
		0A3E87CC203599EE002A4748 /* ViewControllers */ = {
			isa = PBXGroup;
			children = (
				0AABBF6F2072119400668419 /* ReminderVC */,
				0A9CCCEE20506D85006F5396 /* SettingsVC */,
				0A6979F5204DC9D8000A68CA /* LoginVC */,
				0A3E87E12035C7D4002A4748 /* SidemenuVC */,
				0A3E87CD203599EE002A4748 /* BaseVC */,
				0A3E87CE203599EE002A4748 /* MainVC */,
			);
			path = ViewControllers;
			sourceTree = "<group>";
		};
		0A3E87CD203599EE002A4748 /* BaseVC */ = {
			isa = PBXGroup;
			children = (
				0A3E87DD20359A3D002A4748 /* BaseVC.swift */,
			);
			path = BaseVC;
			sourceTree = "<group>";
		};
		0A3E87CE203599EE002A4748 /* MainVC */ = {
			isa = PBXGroup;
			children = (
				0A3E87DB20359A2B002A4748 /* MainVC.swift */,
				0A0BBF0520397D6100486915 /* MainVCCV.swift */,
				0A0BBF0420397D6100486915 /* MainVCfunc.swift */,
			);
			path = MainVC;
			sourceTree = "<group>";
		};
		0A3E87CF203599EF002A4748 /* Libraries */ = {
			isa = PBXGroup;
			children = (
			);
			path = Libraries;
			sourceTree = "<group>";
		};
		0A3E87D0203599EF002A4748 /* UIViews */ = {
			isa = PBXGroup;
			children = (
				0A3E87D1203599EF002A4748 /* Cells */,
				0A3E87D4203599EF002A4748 /* subviews */,
				0A3E87D5203599EF002A4748 /* Views */,
			);
			path = UIViews;
			sourceTree = "<group>";
		};
		0A3E87D1203599EF002A4748 /* Cells */ = {
			isa = PBXGroup;
			children = (
				0A3E87D2203599EF002A4748 /* CollectionViewCells */,
				0A3E87D3203599EF002A4748 /* TableViewCells */,
			);
			path = Cells;
			sourceTree = "<group>";
		};
		0A3E87D2203599EF002A4748 /* CollectionViewCells */ = {
			isa = PBXGroup;
			children = (
				0A7599BE20732154000570B3 /* universal headers */,
				0AE430A12037791C00894DBC /* GalleryImageCVC.swift */,
				0AE430A22037791C00894DBC /* GalleryImageCVC.xib */,
				0A5AE4E9205847AD007387DE /* HeaderForCollectionReusableView.swift */,
				0A5AE4EA205847AE007387DE /* HeaderForCollectionReusableView.xib */,
				0A5AE4EC20584855007387DE /* FontsCVC.swift */,
				0A5AE4ED20584855007387DE /* FontsCVC.xib */,
				0A7599B220725AA9000570B3 /* SidemenuTableHeader.swift */,
				0A7599B320725AA9000570B3 /* SidemenuTableHeader.xib */,
				0A7599B620725B9F000570B3 /* ImageTitleDesTVC.swift */,
				0A7599B720725B9F000570B3 /* ImageTitleDesTVC.xib */,
				0A7599C320734765000570B3 /* BtnViewCVC.swift */,
				0A7599C420734765000570B3 /* BtnViewCVC.xib */,
				0A7599C920737C5B000570B3 /* HeadViewCVC.swift */,
				0A7599CA20737C5B000570B3 /* HeadViewCVC.xib */,
				0A7599CD20737E1B000570B3 /* CatLabelCVC.swift */,
				0A7599CE20737E1B000570B3 /* CatLabelCVC.xib */,
				0A7599D52073E58B000570B3 /* ReminderCVC.swift */,
				0A7599D62073E58B000570B3 /* ReminderCVC.xib */,
			);
			path = CollectionViewCells;
			sourceTree = "<group>";
		};
		0A3E87D3203599EF002A4748 /* TableViewCells */ = {
			isa = PBXGroup;
			children = (
				0A0BBF0A203996F300486915 /* SidemenuParentTVC.swift */,
				0A0BBF0B203996F300486915 /* SidemenuParentTVC.xib */,
				0A7599AC207219A9000570B3 /* ReminderTVC.swift */,
				0A7599AD207219A9000570B3 /* ReminderTVC.xib */,
			);
			path = TableViewCells;
			sourceTree = "<group>";
		};
		0A3E87D4203599EF002A4748 /* subviews */ = {
			isa = PBXGroup;
			children = (
			);
			path = subviews;
			sourceTree = "<group>";
		};
		0A3E87D5203599EF002A4748 /* Views */ = {
			isa = PBXGroup;
			children = (
			);
			path = Views;
			sourceTree = "<group>";
		};
		0A3E87D6203599EF002A4748 /* Reusable */ = {
			isa = PBXGroup;
			children = (
				0A3E87D7203599EF002A4748 /* Constants */,
				0AFDDA112064D456002C860B /* ARSLoader */,
				0A3E87D8203599EF002A4748 /* Helpers */,
				0A3E87D9203599EF002A4748 /* Model */,
				0A3E87DA203599EF002A4748 /* SupportingFiles */,
			);
			path = Reusable;
			sourceTree = "<group>";
		};
		0A3E87D7203599EF002A4748 /* Constants */ = {
			isa = PBXGroup;
			children = (
				0A0BBF102039A03600486915 /* Constants.swift */,
				0A0BBF29203A24AD00486915 /* sampleFacts.plist */,
				0A7599BA20730D50000570B3 /* themes.plist */,
				0A7599D32073A538000570B3 /* sidemenu.plist */,
			);
			path = Constants;
			sourceTree = "<group>";
		};
		0A3E87D8203599EF002A4748 /* Helpers */ = {
			isa = PBXGroup;
			children = (
				0AE430A7203782CD00894DBC /* AssetImageApi.swift */,
				0A0BBF082039890000486915 /* CoreDataHelper.swift */,
				0A0BBF0E20399F2200486915 /* UtilityHelper.swift */,
				0A0BBF2D203B5BB300486915 /* FileHelperApi.swift */,
				0A6979FA204DCFFD000A68CA /* PageRedirectHelper.swift */,
				0A9CCD0620553F56006F5396 /* GBHFacebookHelper.swift */,
				0A5AE505205EB9E2007387DE /* ExtensionHelper.swift */,
				0AFDDA042064D186002C860B /* NetworkHelper.swift */,
				0AD7B9FF206518DE007A6E44 /* LearnottoApi.swift */,
				0A7599BC20731257000570B3 /* StyleHelper.swift */,
			);
			path = Helpers;
			sourceTree = "<group>";
		};
		0A3E87D9203599EF002A4748 /* Model */ = {
			isa = PBXGroup;
			children = (
				0A5AE503205B1EB0007387DE /* ApplicationServiceModel.swift */,
				0AFDDA262064D7AE002C860B /* UserModel.swift */,
			);
			path = Model;
			sourceTree = "<group>";
		};
		0A3E87DA203599EF002A4748 /* SupportingFiles */ = {
			isa = PBXGroup;
			children = (
				0A5AE4F02058632E007387DE /* 1x */,
				0A9CCCEF205537D2006F5396 /* fonts */,
			);
			path = SupportingFiles;
			sourceTree = "<group>";
		};
		0A3E87E12035C7D4002A4748 /* SidemenuVC */ = {
			isa = PBXGroup;
			children = (
				0A7599B020725861000570B3 /* PreSidemenuVC.swift */,
				0A3E87E22035C7E2002A4748 /* CatSidemenuVC.swift */,
			);
			path = SidemenuVC;
			sourceTree = "<group>";
		};
		0A5AE4F02058632E007387DE /* 1x */ = {
			isa = PBXGroup;
			children = (
				0A5AE4F12058632E007387DE /* 1@1x.png */,
				0A5AE4F22058632E007387DE /* 2@1x.png */,
				0A5AE4F32058632E007387DE /* 3@1x.png */,
				0A5AE4F42058632E007387DE /* 4@1x.png */,
				0A5AE4F52058632E007387DE /* 5@1x.png */,
				0A5AE4F62058632E007387DE /* 6@1x.png */,
				0A5AE4F72058632E007387DE /* 7@1x.png */,
				0A5AE4F82058632E007387DE /* 8@1x.png */,
				0A5AE4F92058632E007387DE /* 9@1x.png */,
			);
			path = 1x;
			sourceTree = "<group>";
		};
		0A6979F5204DC9D8000A68CA /* LoginVC */ = {
			isa = PBXGroup;
			children = (
				0A6979F6204DC9E6000A68CA /* LoginVC.swift */,
			);
			path = LoginVC;
			sourceTree = "<group>";
		};
		0A7599BE20732154000570B3 /* universal headers */ = {
			isa = PBXGroup;
			children = (
				0A7599BF207321AD000570B3 /* UniHeaderCVC.swift */,
				0A7599C0207321AD000570B3 /* UniHeaderCVC.xib */,
			);
			path = "universal headers";
			sourceTree = "<group>";
		};
		0A9CCCEE20506D85006F5396 /* SettingsVC */ = {
			isa = PBXGroup;
			children = (
				0A9CCD04205539A1006F5396 /* SettingsVC.swift */,
				0A5AE4E120577D22007387DE /* SettingsCVVC.swift */,
			);
			path = SettingsVC;
			sourceTree = "<group>";
		};
		0A9CCCEF205537D2006F5396 /* fonts */ = {
			isa = PBXGroup;
			children = (
				0A9CCCF0205537D2006F5396 /* abel-regular_0.ttf */,
				0A9CCCF1205537D2006F5396 /* Esphimere Light_0.otf */,
				0A9CCCF2205537D2006F5396 /* Gin Oblique.otf */,
				0A9CCCF3205537D2006F5396 /* Gin Regular.otf */,
				0A9CCCF4205537D2006F5396 /* Goodline free.ttf */,
				0A9CCCF5205537D3006F5396 /* Harabara.ttf */,
				0A9CCCF6205537D3006F5396 /* Infinite_Stroke.otf */,
				0A9CCCF7205537D3006F5396 /* Infinite_Stroke_2.ttf */,
				0A9CCCF8205537D3006F5396 /* TrajanPro-Bold.otf */,
				0A9CCCF9205537D3006F5396 /* TrajanPro-Regular.otf */,
			);
			path = fonts;
			sourceTree = "<group>";
		};
		0AABBF6F2072119400668419 /* ReminderVC */ = {
			isa = PBXGroup;
			children = (
				0AABBF70207211AD00668419 /* ReminderVC.swift */,
				0AABBF722072137600668419 /* AddReminderVC.swift */,
			);
			path = ReminderVC;
			sourceTree = "<group>";
		};
		0AFDDA112064D456002C860B /* ARSLoader */ = {
			isa = PBXGroup;
			children = (
				0AFDDA122064D456002C860B /* ARSInfiniteLoader.swift */,
				0AFDDA132064D456002C860B /* ARSLineProgress.swift */,
				0AFDDA142064D456002C860B /* ARSLineProgressConstants.swift */,
				0AFDDA152064D456002C860B /* ARSLineProgressCustomization.swift */,
				0AFDDA162064D456002C860B /* ARSLineProgressExtensions.swift */,
				0AFDDA172064D456002C860B /* ARSLineProgressHelpers.swift */,
				0AFDDA182064D456002C860B /* ARSLineProgressProtocols.swift */,
				0AFDDA192064D456002C860B /* ARSLineProgressTypeAliases.swift */,
				0AFDDA1A2064D456002C860B /* ARSProgressLoader.swift */,
				0AFDDA1B2064D456002C860B /* ARSStatus.swift */,
			);
			path = ARSLoader;
			sourceTree = "<group>";
		};
		0D2A0D8513ADDF9EEB3EE1A7 /* Pods */ = {
			isa = PBXGroup;
			children = (
				EA9F62BB5056E8DFE06320C4 /* Pods-Learn.debug.xcconfig */,
				3C9E2C88444EF7493A783CBE /* Pods-Learn.release.xcconfig */,
			);
			name = Pods;
			sourceTree = "<group>";
		};
		13A061793CA2231015682AC0 /* Frameworks */ = {
			isa = PBXGroup;
			children = (
				7BFC95D4D30155E93829A8CC /* Pods_Learn.framework */,
			);
			name = Frameworks;
			sourceTree = "<group>";
		};
/* End PBXGroup section */

/* Begin PBXNativeTarget section */
		0A3E87B320358F40002A4748 /* Learn */ = {
			isa = PBXNativeTarget;
			buildConfigurationList = 0A3E87C920358F40002A4748 /* Build configuration list for PBXNativeTarget "Learn" */;
			buildPhases = (
				DAA043C8BCB5D32F7E73E5E3 /* [CP] Check Pods Manifest.lock */,
				0A3E87B020358F40002A4748 /* Sources */,
				0A3E87B120358F40002A4748 /* Frameworks */,
				0A3E87B220358F40002A4748 /* Resources */,
				D754E6EBB405EF030877296A /* [CP] Embed Pods Frameworks */,
				4CB5E99EC106A8B016B919C5 /* [CP] Copy Pods Resources */,
			);
			buildRules = (
			);
			dependencies = (
			);
			name = Learn;
			productName = Learn;
			productReference = 0A3E87B420358F40002A4748 /* Learn.app */;
			productType = "com.apple.product-type.application";
		};
/* End PBXNativeTarget section */

/* Begin PBXProject section */
		0A3E87AC20358F40002A4748 /* Project object */ = {
			isa = PBXProject;
			attributes = {
				LastSwiftUpdateCheck = 0920;
				LastUpgradeCheck = 0920;
				ORGANIZATIONNAME = pixel;
				TargetAttributes = {
					0A3E87B320358F40002A4748 = {
						CreatedOnToolsVersion = 9.2;
						ProvisioningStyle = Automatic;
					};
				};
			};
			buildConfigurationList = 0A3E87AF20358F40002A4748 /* Build configuration list for PBXProject "Learn" */;
			compatibilityVersion = "Xcode 8.0";
			developmentRegion = en;
			hasScannedForEncodings = 0;
			knownRegions = (
				en,
				Base,
			);
			mainGroup = 0A3E87AB20358F3F002A4748;
			productRefGroup = 0A3E87B520358F40002A4748 /* Products */;
			projectDirPath = "";
			projectRoot = "";
			targets = (
				0A3E87B320358F40002A4748 /* Learn */,
			);
		};
/* End PBXProject section */

/* Begin PBXResourcesBuildPhase section */
		0A3E87B220358F40002A4748 /* Resources */ = {
			isa = PBXResourcesBuildPhase;
			buildActionMask = 2147483647;
			files = (
				0A5AE4FA205863CD007387DE /* 1@1x.png in Resources */,
				0A5AE4FB205863CD007387DE /* 2@1x.png in Resources */,
				0A5AE4FC205863CD007387DE /* 3@1x.png in Resources */,
				0A5AE4FD205863CD007387DE /* 4@1x.png in Resources */,
				0A5AE4FE205863CD007387DE /* 5@1x.png in Resources */,
				0A7599D42073A538000570B3 /* sidemenu.plist in Resources */,
				0A7599B920725B9F000570B3 /* ImageTitleDesTVC.xib in Resources */,
				0A5AE4FF205863CD007387DE /* 6@1x.png in Resources */,
				0A5AE500205863CD007387DE /* 7@1x.png in Resources */,
				0A7599AF207219A9000570B3 /* ReminderTVC.xib in Resources */,
				0A7599B520725AA9000570B3 /* SidemenuTableHeader.xib in Resources */,
				0A7599C620734765000570B3 /* BtnViewCVC.xib in Resources */,
				0A5AE501205863CD007387DE /* 8@1x.png in Resources */,
				0A5AE502205863CD007387DE /* 9@1x.png in Resources */,
				0A7599CC20737C5B000570B3 /* HeadViewCVC.xib in Resources */,
				0A3E87C520358F40002A4748 /* LaunchScreen.storyboard in Resources */,
				0A0BBF2A203A24AD00486915 /* sampleFacts.plist in Resources */,
				0A9CCD02205537D3006F5396 /* TrajanPro-Bold.otf in Resources */,
				0A7599D82073E58B000570B3 /* ReminderCVC.xib in Resources */,
				0A9CCCFE205537D3006F5396 /* Goodline free.ttf in Resources */,
				0A7599D020737E1B000570B3 /* CatLabelCVC.xib in Resources */,
				0A7599BB20730D50000570B3 /* themes.plist in Resources */,
				0A9CCD00205537D3006F5396 /* Infinite_Stroke.otf in Resources */,
				0A7599C2207321AD000570B3 /* UniHeaderCVC.xib in Resources */,
				0A5AE4EF20584855007387DE /* FontsCVC.xib in Resources */,
				0A3E87C220358F40002A4748 /* Assets.xcassets in Resources */,
				0A9CCD01205537D3006F5396 /* Infinite_Stroke_2.ttf in Resources */,
				0A0BBF0D203996F300486915 /* SidemenuParentTVC.xib in Resources */,
				0A9CCCFA205537D3006F5396 /* abel-regular_0.ttf in Resources */,
				0A9CCCFF205537D3006F5396 /* Harabara.ttf in Resources */,
				0A9CCCFB205537D3006F5396 /* Esphimere Light_0.otf in Resources */,
				0A9CCCFD205537D3006F5396 /* Gin Regular.otf in Resources */,
				0A9CCD03205537D3006F5396 /* TrajanPro-Regular.otf in Resources */,
				0A3E87BD20358F40002A4748 /* Main.storyboard in Resources */,
				0AE430A42037791C00894DBC /* GalleryImageCVC.xib in Resources */,
				0A9CCCFC205537D3006F5396 /* Gin Oblique.otf in Resources */,
			);
			runOnlyForDeploymentPostprocessing = 0;
		};
/* End PBXResourcesBuildPhase section */

/* Begin PBXShellScriptBuildPhase section */
		4CB5E99EC106A8B016B919C5 /* [CP] Copy Pods Resources */ = {
			isa = PBXShellScriptBuildPhase;
			buildActionMask = 2147483647;
			files = (
			);
			inputPaths = (
			);
			name = "[CP] Copy Pods Resources";
			outputPaths = (
			);
			runOnlyForDeploymentPostprocessing = 0;
			shellPath = /bin/sh;
			shellScript = "\"${SRCROOT}/Pods/Target Support Files/Pods-Learn/Pods-Learn-resources.sh\"\n";
			showEnvVarsInLog = 0;
		};
		D754E6EBB405EF030877296A /* [CP] Embed Pods Frameworks */ = {
			isa = PBXShellScriptBuildPhase;
			buildActionMask = 2147483647;
			files = (
			);
			inputPaths = (
				"${SRCROOT}/Pods/Target Support Files/Pods-Learn/Pods-Learn-frameworks.sh",
				"${BUILT_PRODUCTS_DIR}/ActionSheetPicker-3.0/ActionSheetPicker_3_0.framework",
				"${BUILT_PRODUCTS_DIR}/Alamofire/Alamofire.framework",
				"${BUILT_PRODUCTS_DIR}/AlamofireImage/AlamofireImage.framework",
				"${BUILT_PRODUCTS_DIR}/Bolts/Bolts.framework",
				"${BUILT_PRODUCTS_DIR}/EVReflection/EVReflection.framework",
				"${BUILT_PRODUCTS_DIR}/FBSDKCoreKit/FBSDKCoreKit.framework",
				"${BUILT_PRODUCTS_DIR}/FBSDKLoginKit/FBSDKLoginKit.framework",
				"${BUILT_PRODUCTS_DIR}/FontAwesome.swift/FontAwesome_swift.framework",
				"${BUILT_PRODUCTS_DIR}/IBAnimatable/IBAnimatable.framework",
				"${BUILT_PRODUCTS_DIR}/IQKeyboardManagerSwift/IQKeyboardManagerSwift.framework",
				"${BUILT_PRODUCTS_DIR}/LKAlertController/LKAlertController.framework",
				"${BUILT_PRODUCTS_DIR}/MBProgressHUD/MBProgressHUD.framework",
				"${BUILT_PRODUCTS_DIR}/ReachabilitySwift/Reachability.framework",
				"${BUILT_PRODUCTS_DIR}/SwiftIconFont/SwiftIconFont.framework",
			);
			name = "[CP] Embed Pods Frameworks";
			outputPaths = (
				"${TARGET_BUILD_DIR}/${FRAMEWORKS_FOLDER_PATH}/ActionSheetPicker_3_0.framework",
				"${TARGET_BUILD_DIR}/${FRAMEWORKS_FOLDER_PATH}/Alamofire.framework",
				"${TARGET_BUILD_DIR}/${FRAMEWORKS_FOLDER_PATH}/AlamofireImage.framework",
				"${TARGET_BUILD_DIR}/${FRAMEWORKS_FOLDER_PATH}/Bolts.framework",
				"${TARGET_BUILD_DIR}/${FRAMEWORKS_FOLDER_PATH}/EVReflection.framework",
				"${TARGET_BUILD_DIR}/${FRAMEWORKS_FOLDER_PATH}/FBSDKCoreKit.framework",
				"${TARGET_BUILD_DIR}/${FRAMEWORKS_FOLDER_PATH}/FBSDKLoginKit.framework",
				"${TARGET_BUILD_DIR}/${FRAMEWORKS_FOLDER_PATH}/FontAwesome_swift.framework",
				"${TARGET_BUILD_DIR}/${FRAMEWORKS_FOLDER_PATH}/IBAnimatable.framework",
				"${TARGET_BUILD_DIR}/${FRAMEWORKS_FOLDER_PATH}/IQKeyboardManagerSwift.framework",
				"${TARGET_BUILD_DIR}/${FRAMEWORKS_FOLDER_PATH}/LKAlertController.framework",
				"${TARGET_BUILD_DIR}/${FRAMEWORKS_FOLDER_PATH}/MBProgressHUD.framework",
				"${TARGET_BUILD_DIR}/${FRAMEWORKS_FOLDER_PATH}/Reachability.framework",
				"${TARGET_BUILD_DIR}/${FRAMEWORKS_FOLDER_PATH}/SwiftIconFont.framework",
			);
			runOnlyForDeploymentPostprocessing = 0;
			shellPath = /bin/sh;
			shellScript = "\"${SRCROOT}/Pods/Target Support Files/Pods-Learn/Pods-Learn-frameworks.sh\"\n";
			showEnvVarsInLog = 0;
		};
		DAA043C8BCB5D32F7E73E5E3 /* [CP] Check Pods Manifest.lock */ = {
			isa = PBXShellScriptBuildPhase;
			buildActionMask = 2147483647;
			files = (
			);
			inputPaths = (
				"${PODS_PODFILE_DIR_PATH}/Podfile.lock",
				"${PODS_ROOT}/Manifest.lock",
			);
			name = "[CP] Check Pods Manifest.lock";
			outputPaths = (
				"$(DERIVED_FILE_DIR)/Pods-Learn-checkManifestLockResult.txt",
			);
			runOnlyForDeploymentPostprocessing = 0;
			shellPath = /bin/sh;
			shellScript = "diff \"${PODS_PODFILE_DIR_PATH}/Podfile.lock\" \"${PODS_ROOT}/Manifest.lock\" > /dev/null\nif [ $? != 0 ] ; then\n    # print error to STDERR\n    echo \"error: The sandbox is not in sync with the Podfile.lock. Run 'pod install' or update your CocoaPods installation.\" >&2\n    exit 1\nfi\n# This output is used by Xcode 'outputs' to avoid re-running this script phase.\necho \"SUCCESS\" > \"${SCRIPT_OUTPUT_FILE_0}\"\n";
			showEnvVarsInLog = 0;
		};
/* End PBXShellScriptBuildPhase section */

/* Begin PBXSourcesBuildPhase section */
		0A3E87B020358F40002A4748 /* Sources */ = {
			isa = PBXSourcesBuildPhase;
			buildActionMask = 2147483647;
			files = (
				0A7599B120725861000570B3 /* PreSidemenuVC.swift in Sources */,
				0A9CCD05205539A1006F5396 /* SettingsVC.swift in Sources */,
				0A7599C1207321AD000570B3 /* UniHeaderCVC.swift in Sources */,
				0AFDDA1F2064D456002C860B /* ARSLineProgressCustomization.swift in Sources */,
				0AFDDA1C2064D456002C860B /* ARSInfiniteLoader.swift in Sources */,
				0A0BBF092039890000486915 /* CoreDataHelper.swift in Sources */,
				0A7599B420725AA9000570B3 /* SidemenuTableHeader.swift in Sources */,
				0AFDDA252064D456002C860B /* ARSStatus.swift in Sources */,
				0AFDDA232064D456002C860B /* ARSLineProgressTypeAliases.swift in Sources */,
				0A3E87B820358F40002A4748 /* AppDelegate.swift in Sources */,
				0AFDDA212064D456002C860B /* ARSLineProgressHelpers.swift in Sources */,
				0A7599C520734765000570B3 /* BtnViewCVC.swift in Sources */,
				0AFDDA272064D7AE002C860B /* UserModel.swift in Sources */,
				0AABBF732072137600668419 /* AddReminderVC.swift in Sources */,
				0A7599BD20731257000570B3 /* StyleHelper.swift in Sources */,
				0AFDDA1E2064D456002C860B /* ARSLineProgressConstants.swift in Sources */,
				0A0BBF0F20399F2200486915 /* UtilityHelper.swift in Sources */,
				0AABBF71207211AD00668419 /* ReminderVC.swift in Sources */,
				0A3E87DC20359A2B002A4748 /* MainVC.swift in Sources */,
				0AFDDA222064D456002C860B /* ARSLineProgressProtocols.swift in Sources */,
				0A5AE4E220577D22007387DE /* SettingsCVVC.swift in Sources */,
				0A5AE4EB205847AF007387DE /* HeaderForCollectionReusableView.swift in Sources */,
				0A0BBF0720397D6100486915 /* MainVCCV.swift in Sources */,
				0A6979FB204DCFFD000A68CA /* PageRedirectHelper.swift in Sources */,
				0A3E87C020358F40002A4748 /* Learn.xcdatamodeld in Sources */,
				0A3E87DE20359A3D002A4748 /* BaseVC.swift in Sources */,
				0A5AE506205EB9E2007387DE /* ExtensionHelper.swift in Sources */,
				0A0BBF112039A03600486915 /* Constants.swift in Sources */,
				0AFDDA242064D456002C860B /* ARSProgressLoader.swift in Sources */,
				0A7599B820725B9F000570B3 /* ImageTitleDesTVC.swift in Sources */,
				0A7599D72073E58B000570B3 /* ReminderCVC.swift in Sources */,
				0A5AE504205B1EB1007387DE /* ApplicationServiceModel.swift in Sources */,
				0A0BBF0620397D6100486915 /* MainVCfunc.swift in Sources */,
				0A9CCD0720553F56006F5396 /* GBHFacebookHelper.swift in Sources */,
				0AFDDA052064D186002C860B /* NetworkHelper.swift in Sources */,
				0AE430A8203782CD00894DBC /* AssetImageApi.swift in Sources */,
				0A3E87E32035C7E2002A4748 /* CatSidemenuVC.swift in Sources */,
				0A7599AE207219A9000570B3 /* ReminderTVC.swift in Sources */,
				0A7599CB20737C5B000570B3 /* HeadViewCVC.swift in Sources */,
				0A0BBF0C203996F300486915 /* SidemenuParentTVC.swift in Sources */,
				0A0BBF2E203B5BB300486915 /* FileHelperApi.swift in Sources */,
				0A7599CF20737E1B000570B3 /* CatLabelCVC.swift in Sources */,
				0AE430A32037791C00894DBC /* GalleryImageCVC.swift in Sources */,
				0AFDDA1D2064D456002C860B /* ARSLineProgress.swift in Sources */,
				0AFDDA202064D456002C860B /* ARSLineProgressExtensions.swift in Sources */,
				0A5AE4EE20584855007387DE /* FontsCVC.swift in Sources */,
				0A6979F7204DC9E7000A68CA /* LoginVC.swift in Sources */,
				0AD7BA00206518DF007A6E44 /* LearnottoApi.swift in Sources */,
			);
			runOnlyForDeploymentPostprocessing = 0;
		};
/* End PBXSourcesBuildPhase section */

/* Begin PBXVariantGroup section */
		0A3E87BB20358F40002A4748 /* Main.storyboard */ = {
			isa = PBXVariantGroup;
			children = (
				0A3E87BC20358F40002A4748 /* Base */,
			);
			name = Main.storyboard;
			sourceTree = "<group>";
		};
		0A3E87C320358F40002A4748 /* LaunchScreen.storyboard */ = {
			isa = PBXVariantGroup;
			children = (
				0A3E87C420358F40002A4748 /* Base */,
			);
			name = LaunchScreen.storyboard;
			sourceTree = "<group>";
		};
/* End PBXVariantGroup section */

/* Begin XCBuildConfiguration section */
		0A3E87C720358F40002A4748 /* Debug */ = {
			isa = XCBuildConfiguration;
			buildSettings = {
				ALWAYS_SEARCH_USER_PATHS = NO;
				CLANG_ANALYZER_NONNULL = YES;
				CLANG_ANALYZER_NUMBER_OBJECT_CONVERSION = YES_AGGRESSIVE;
				CLANG_CXX_LANGUAGE_STANDARD = "gnu++14";
				CLANG_CXX_LIBRARY = "libc++";
				CLANG_ENABLE_MODULES = YES;
				CLANG_ENABLE_OBJC_ARC = YES;
				CLANG_WARN_BLOCK_CAPTURE_AUTORELEASING = YES;
				CLANG_WARN_BOOL_CONVERSION = YES;
				CLANG_WARN_COMMA = YES;
				CLANG_WARN_CONSTANT_CONVERSION = YES;
				CLANG_WARN_DIRECT_OBJC_ISA_USAGE = YES_ERROR;
				CLANG_WARN_DOCUMENTATION_COMMENTS = YES;
				CLANG_WARN_EMPTY_BODY = YES;
				CLANG_WARN_ENUM_CONVERSION = YES;
				CLANG_WARN_INFINITE_RECURSION = YES;
				CLANG_WARN_INT_CONVERSION = YES;
				CLANG_WARN_NON_LITERAL_NULL_CONVERSION = YES;
				CLANG_WARN_OBJC_LITERAL_CONVERSION = YES;
				CLANG_WARN_OBJC_ROOT_CLASS = YES_ERROR;
				CLANG_WARN_RANGE_LOOP_ANALYSIS = YES;
				CLANG_WARN_STRICT_PROTOTYPES = YES;
				CLANG_WARN_SUSPICIOUS_MOVE = YES;
				CLANG_WARN_UNGUARDED_AVAILABILITY = YES_AGGRESSIVE;
				CLANG_WARN_UNREACHABLE_CODE = YES;
				CLANG_WARN__DUPLICATE_METHOD_MATCH = YES;
				CODE_SIGN_IDENTITY = "iPhone Developer";
				COPY_PHASE_STRIP = NO;
				DEBUG_INFORMATION_FORMAT = dwarf;
				ENABLE_STRICT_OBJC_MSGSEND = YES;
				ENABLE_TESTABILITY = YES;
				GCC_C_LANGUAGE_STANDARD = gnu11;
				GCC_DYNAMIC_NO_PIC = NO;
				GCC_NO_COMMON_BLOCKS = YES;
				GCC_OPTIMIZATION_LEVEL = 0;
				GCC_PREPROCESSOR_DEFINITIONS = (
					"DEBUG=1",
					"$(inherited)",
				);
				GCC_WARN_64_TO_32_BIT_CONVERSION = YES;
				GCC_WARN_ABOUT_RETURN_TYPE = YES_ERROR;
				GCC_WARN_UNDECLARED_SELECTOR = YES;
				GCC_WARN_UNINITIALIZED_AUTOS = YES_AGGRESSIVE;
				GCC_WARN_UNUSED_FUNCTION = YES;
				GCC_WARN_UNUSED_VARIABLE = YES;
				IPHONEOS_DEPLOYMENT_TARGET = 11.2;
				MTL_ENABLE_DEBUG_INFO = YES;
				ONLY_ACTIVE_ARCH = YES;
				SDKROOT = iphoneos;
				SWIFT_ACTIVE_COMPILATION_CONDITIONS = DEBUG;
				SWIFT_OPTIMIZATION_LEVEL = "-Onone";
			};
			name = Debug;
		};
		0A3E87C820358F40002A4748 /* Release */ = {
			isa = XCBuildConfiguration;
			buildSettings = {
				ALWAYS_SEARCH_USER_PATHS = NO;
				CLANG_ANALYZER_NONNULL = YES;
				CLANG_ANALYZER_NUMBER_OBJECT_CONVERSION = YES_AGGRESSIVE;
				CLANG_CXX_LANGUAGE_STANDARD = "gnu++14";
				CLANG_CXX_LIBRARY = "libc++";
				CLANG_ENABLE_MODULES = YES;
				CLANG_ENABLE_OBJC_ARC = YES;
				CLANG_WARN_BLOCK_CAPTURE_AUTORELEASING = YES;
				CLANG_WARN_BOOL_CONVERSION = YES;
				CLANG_WARN_COMMA = YES;
				CLANG_WARN_CONSTANT_CONVERSION = YES;
				CLANG_WARN_DIRECT_OBJC_ISA_USAGE = YES_ERROR;
				CLANG_WARN_DOCUMENTATION_COMMENTS = YES;
				CLANG_WARN_EMPTY_BODY = YES;
				CLANG_WARN_ENUM_CONVERSION = YES;
				CLANG_WARN_INFINITE_RECURSION = YES;
				CLANG_WARN_INT_CONVERSION = YES;
				CLANG_WARN_NON_LITERAL_NULL_CONVERSION = YES;
				CLANG_WARN_OBJC_LITERAL_CONVERSION = YES;
				CLANG_WARN_OBJC_ROOT_CLASS = YES_ERROR;
				CLANG_WARN_RANGE_LOOP_ANALYSIS = YES;
				CLANG_WARN_STRICT_PROTOTYPES = YES;
				CLANG_WARN_SUSPICIOUS_MOVE = YES;
				CLANG_WARN_UNGUARDED_AVAILABILITY = YES_AGGRESSIVE;
				CLANG_WARN_UNREACHABLE_CODE = YES;
				CLANG_WARN__DUPLICATE_METHOD_MATCH = YES;
				CODE_SIGN_IDENTITY = "iPhone Developer";
				COPY_PHASE_STRIP = NO;
				DEBUG_INFORMATION_FORMAT = "dwarf-with-dsym";
				ENABLE_NS_ASSERTIONS = NO;
				ENABLE_STRICT_OBJC_MSGSEND = YES;
				GCC_C_LANGUAGE_STANDARD = gnu11;
				GCC_NO_COMMON_BLOCKS = YES;
				GCC_WARN_64_TO_32_BIT_CONVERSION = YES;
				GCC_WARN_ABOUT_RETURN_TYPE = YES_ERROR;
				GCC_WARN_UNDECLARED_SELECTOR = YES;
				GCC_WARN_UNINITIALIZED_AUTOS = YES_AGGRESSIVE;
				GCC_WARN_UNUSED_FUNCTION = YES;
				GCC_WARN_UNUSED_VARIABLE = YES;
				IPHONEOS_DEPLOYMENT_TARGET = 11.2;
				MTL_ENABLE_DEBUG_INFO = NO;
				SDKROOT = iphoneos;
				SWIFT_OPTIMIZATION_LEVEL = "-Owholemodule";
				VALIDATE_PRODUCT = YES;
			};
			name = Release;
		};
		0A3E87CA20358F40002A4748 /* Debug */ = {
			isa = XCBuildConfiguration;
			baseConfigurationReference = EA9F62BB5056E8DFE06320C4 /* Pods-Learn.debug.xcconfig */;
			buildSettings = {
				ASSETCATALOG_COMPILER_APPICON_NAME = AppIcon;
				CODE_SIGN_STYLE = Automatic;
				DEVELOPMENT_TEAM = BERNRJGAM5;
				INFOPLIST_FILE = Learn/Info.plist;
				IPHONEOS_DEPLOYMENT_TARGET = 10.0;
				LD_RUNPATH_SEARCH_PATHS = "$(inherited) @executable_path/Frameworks";
				PRODUCT_BUNDLE_IDENTIFIER = com.pixcietechnologies.learn;
				PRODUCT_NAME = "$(TARGET_NAME)";
				SWIFT_VERSION = 4.0;
				TARGETED_DEVICE_FAMILY = "1,2";
			};
			name = Debug;
		};
		0A3E87CB20358F40002A4748 /* Release */ = {
			isa = XCBuildConfiguration;
			baseConfigurationReference = 3C9E2C88444EF7493A783CBE /* Pods-Learn.release.xcconfig */;
			buildSettings = {
				ASSETCATALOG_COMPILER_APPICON_NAME = AppIcon;
				CODE_SIGN_STYLE = Automatic;
				DEVELOPMENT_TEAM = BERNRJGAM5;
				INFOPLIST_FILE = Learn/Info.plist;
				IPHONEOS_DEPLOYMENT_TARGET = 10.0;
				LD_RUNPATH_SEARCH_PATHS = "$(inherited) @executable_path/Frameworks";
				PRODUCT_BUNDLE_IDENTIFIER = com.pixcietechnologies.learn;
				PRODUCT_NAME = "$(TARGET_NAME)";
				SWIFT_VERSION = 4.0;
				TARGETED_DEVICE_FAMILY = "1,2";
			};
			name = Release;
		};
/* End XCBuildConfiguration section */

/* Begin XCConfigurationList section */
		0A3E87AF20358F40002A4748 /* Build configuration list for PBXProject "Learn" */ = {
			isa = XCConfigurationList;
			buildConfigurations = (
				0A3E87C720358F40002A4748 /* Debug */,
				0A3E87C820358F40002A4748 /* Release */,
			);
			defaultConfigurationIsVisible = 0;
			defaultConfigurationName = Release;
		};
		0A3E87C920358F40002A4748 /* Build configuration list for PBXNativeTarget "Learn" */ = {
			isa = XCConfigurationList;
			buildConfigurations = (
				0A3E87CA20358F40002A4748 /* Debug */,
				0A3E87CB20358F40002A4748 /* Release */,
			);
			defaultConfigurationIsVisible = 0;
			defaultConfigurationName = Release;
		};
/* End XCConfigurationList section */

/* Begin XCVersionGroup section */
		0A3E87BE20358F40002A4748 /* Learn.xcdatamodeld */ = {
			isa = XCVersionGroup;
			children = (
				0A3E87BF20358F40002A4748 /* Learn.xcdatamodel */,
			);
			currentVersion = 0A3E87BF20358F40002A4748 /* Learn.xcdatamodel */;
			path = Learn.xcdatamodeld;
			sourceTree = "<group>";
			versionGroupType = wrapper.xcdatamodel;
		};
/* End XCVersionGroup section */
	};
	rootObject = 0A3E87AC20358F40002A4748 /* Project object */;
}
